
Microsoft Visual Studio Solution File, Format Version 12.00
# Visual Studio Version 16
VisualStudioVersion = 16.0.29102.190
MinimumVisualStudioVersion = 10.0.40219.1
Project("{FAE04EC0-301F-11D3-BF4B-00C04F79EFBC}") = "LessLimit", "LessLimit\LessLimit.csproj", "{66A5F381-DB78-4CBB-A058-0A1886914492}"
EndProject
Project("{FAE04EC0-301F-11D3-BF4B-00C04F79EFBC}") = "SlopeBlocks", "SlopeBlocks.csproj", "{4D9227F9-D861-4222-A192-083C4FD99ACE}"
EndProject
Project("{FAE04EC0-301F-11D3-BF4B-00C04F79EFBC}") = "InterestingBlocks", "InterestingBlocks\InterestingBlocks.csproj", "{1C4A47C2-A9E0-48D9-B870-88F7F70768C4}"
EndProject
Project("{FAE04EC0-301F-11D3-BF4B-00C04F79EFBC}") = "Test", "Test\Test.csproj", "{D435A63F-9A67-4A7B-BF7C-B61F9E7717C9}"
EndProject
Project("{FAE04EC0-301F-11D3-BF4B-00C04F79EFBC}") = "MagneticRider", "MagneticRider\MagneticRider.csproj", "{B2ED56AB-905D-4E3B-9263-DE169333F626}"
EndProject
Project("{FAE04EC0-301F-11D3-BF4B-00C04F79EFBC}") = "CustomTerrainGenerator", "Terrain\CustomTerrainGenerator.csproj", "{C5BBCAD2-E858-4315-857B-40B85FBF497B}"
EndProject
Project("{FAE04EC0-301F-11D3-BF4B-00C04F79EFBC}") = "CustomWorldNames", "CustomWorldNames.csproj", "{091D0CF8-C8C1-46B7-867F-03A6466BC747}"
EndProject
Project("{FAE04EC0-301F-11D3-BF4B-00C04F79EFBC}") = "CollapsingLeaves", "CollapsingBlocks\CollapsingLeaves.csproj", "{F14CE932-835D-4911-9254-AF0027CE19F2}"
EndProject
Project("{FAE04EC0-301F-11D3-BF4B-00C04F79EFBC}") = "SCwithJS", "SCwithJS\SCwithJS.csproj", "{67864927-161F-4323-AA4A-C2F90FE53EC4}"
EndProject
Project("{FAE04EC0-301F-11D3-BF4B-00C04F79EFBC}") = "TerrainLZ4", "Terrain\TerrainLZ4.csproj", "{F27629CA-A13B-4455-939B-9AECD7E44DCB}"
EndProject
Project("{FAE04EC0-301F-11D3-BF4B-00C04F79EFBC}") = "TranslucentEntity", "Subsystems\TranslucentEntity.csproj", "{18ABF231-5592-47E8-BD99-64547E5EFDF8}"
EndProject
Project("{FAE04EC0-301F-11D3-BF4B-00C04F79EFBC}") = "NoCrashOrDrop", "Components\NoCrashOrDrop.csproj", "{4FE4DE9E-29A0-4C86-8CFA-41CDD50E5F8B}"
EndProject
Project("{FAE04EC0-301F-11D3-BF4B-00C04F79EFBC}") = "Seasons", "Subsystems\Seasons.csproj", "{536BD6DF-3219-41ED-87EF-2BB2CF163B21}"
EndProject
Project("{FAE04EC0-301F-11D3-BF4B-00C04F79EFBC}") = "DebugTK", "Test\DebugTK.csproj", "{CFCBD3F4-DDAF-4987-8003-2C3FA335F51D}"
EndProject
Project("{FAE04EC0-301F-11D3-BF4B-00C04F79EFBC}") = "GCP", "Terrain\GCP.csproj", "{CE25BC09-09D5-40D1-9882-83E0DE7634AA}"
EndProject
Project("{FAE04EC0-301F-11D3-BF4B-00C04F79EFBC}") = "DisplayAllEggs", "Common\DisplayAllEggs.csproj", "{C080D595-1C6C-485C-B28E-4B47C49C5660}"
EndProject
Global
	GlobalSection(SolutionConfigurationPlatforms) = preSolution
		Debug|Any CPU = Debug|Any CPU
		Release|Any CPU = Release|Any CPU
	EndGlobalSection
	GlobalSection(ProjectConfigurationPlatforms) = postSolution
		{66A5F381-DB78-4CBB-A058-0A1886914492}.Debug|Any CPU.ActiveCfg = Debug|Any CPU
		{66A5F381-DB78-4CBB-A058-0A1886914492}.Debug|Any CPU.Build.0 = Debug|Any CPU
		{66A5F381-DB78-4CBB-A058-0A1886914492}.Release|Any CPU.ActiveCfg = Release|Any CPU
		{66A5F381-DB78-4CBB-A058-0A1886914492}.Release|Any CPU.Build.0 = Release|Any CPU
		{4D9227F9-D861-4222-A192-083C4FD99ACE}.Debug|Any CPU.ActiveCfg = Debug|Any CPU
		{4D9227F9-D861-4222-A192-083C4FD99ACE}.Debug|Any CPU.Build.0 = Debug|Any CPU
		{4D9227F9-D861-4222-A192-083C4FD99ACE}.Release|Any CPU.ActiveCfg = Release|Any CPU
		{4D9227F9-D861-4222-A192-083C4FD99ACE}.Release|Any CPU.Build.0 = Release|Any CPU
		{1C4A47C2-A9E0-48D9-B870-88F7F70768C4}.Debug|Any CPU.ActiveCfg = Debug|Any CPU
		{1C4A47C2-A9E0-48D9-B870-88F7F70768C4}.Debug|Any CPU.Build.0 = Debug|Any CPU
		{1C4A47C2-A9E0-48D9-B870-88F7F70768C4}.Release|Any CPU.ActiveCfg = Release|Any CPU
		{1C4A47C2-A9E0-48D9-B870-88F7F70768C4}.Release|Any CPU.Build.0 = Release|Any CPU
		{D435A63F-9A67-4A7B-BF7C-B61F9E7717C9}.Debug|Any CPU.ActiveCfg = Debug|Any CPU
		{D435A63F-9A67-4A7B-BF7C-B61F9E7717C9}.Debug|Any CPU.Build.0 = Debug|Any CPU
		{D435A63F-9A67-4A7B-BF7C-B61F9E7717C9}.Release|Any CPU.ActiveCfg = Release|Any CPU
		{D435A63F-9A67-4A7B-BF7C-B61F9E7717C9}.Release|Any CPU.Build.0 = Release|Any CPU
		{B2ED56AB-905D-4E3B-9263-DE169333F626}.Debug|Any CPU.ActiveCfg = Debug|Any CPU
		{B2ED56AB-905D-4E3B-9263-DE169333F626}.Debug|Any CPU.Build.0 = Debug|Any CPU
		{B2ED56AB-905D-4E3B-9263-DE169333F626}.Release|Any CPU.ActiveCfg = Release|Any CPU
		{B2ED56AB-905D-4E3B-9263-DE169333F626}.Release|Any CPU.Build.0 = Release|Any CPU
		{C5BBCAD2-E858-4315-857B-40B85FBF497B}.Debug|Any CPU.ActiveCfg = Debug|Any CPU
		{C5BBCAD2-E858-4315-857B-40B85FBF497B}.Debug|Any CPU.Build.0 = Debug|Any CPU
		{C5BBCAD2-E858-4315-857B-40B85FBF497B}.Release|Any CPU.ActiveCfg = Release|Any CPU
		{C5BBCAD2-E858-4315-857B-40B85FBF497B}.Release|Any CPU.Build.0 = Release|Any CPU
		{091D0CF8-C8C1-46B7-867F-03A6466BC747}.Debug|Any CPU.ActiveCfg = Debug|Any CPU
		{091D0CF8-C8C1-46B7-867F-03A6466BC747}.Debug|Any CPU.Build.0 = Debug|Any CPU
		{091D0CF8-C8C1-46B7-867F-03A6466BC747}.Release|Any CPU.ActiveCfg = Release|Any CPU
		{091D0CF8-C8C1-46B7-867F-03A6466BC747}.Release|Any CPU.Build.0 = Release|Any CPU
		{F14CE932-835D-4911-9254-AF0027CE19F2}.Debug|Any CPU.ActiveCfg = Debug|Any CPU
		{F14CE932-835D-4911-9254-AF0027CE19F2}.Debug|Any CPU.Build.0 = Debug|Any CPU
		{F14CE932-835D-4911-9254-AF0027CE19F2}.Release|Any CPU.ActiveCfg = Release|Any CPU
		{F14CE932-835D-4911-9254-AF0027CE19F2}.Release|Any CPU.Build.0 = Release|Any CPU
		{67864927-161F-4323-AA4A-C2F90FE53EC4}.Debug|Any CPU.ActiveCfg = Debug|Any CPU
		{67864927-161F-4323-AA4A-C2F90FE53EC4}.Debug|Any CPU.Build.0 = Debug|Any CPU
		{67864927-161F-4323-AA4A-C2F90FE53EC4}.Release|Any CPU.ActiveCfg = Release|Any CPU
		{67864927-161F-4323-AA4A-C2F90FE53EC4}.Release|Any CPU.Build.0 = Release|Any CPU
		{F27629CA-A13B-4455-939B-9AECD7E44DCB}.Debug|Any CPU.ActiveCfg = Debug|Any CPU
		{F27629CA-A13B-4455-939B-9AECD7E44DCB}.Debug|Any CPU.Build.0 = Debug|Any CPU
		{F27629CA-A13B-4455-939B-9AECD7E44DCB}.Release|Any CPU.ActiveCfg = Release|Any CPU
		{F27629CA-A13B-4455-939B-9AECD7E44DCB}.Release|Any CPU.Build.0 = Release|Any CPU
		{18ABF231-5592-47E8-BD99-64547E5EFDF8}.Debug|Any CPU.ActiveCfg = Debug|Any CPU
		{18ABF231-5592-47E8-BD99-64547E5EFDF8}.Debug|Any CPU.Build.0 = Debug|Any CPU
		{18ABF231-5592-47E8-BD99-64547E5EFDF8}.Release|Any CPU.ActiveCfg = Release|Any CPU
		{18ABF231-5592-47E8-BD99-64547E5EFDF8}.Release|Any CPU.Build.0 = Release|Any CPU
		{4FE4DE9E-29A0-4C86-8CFA-41CDD50E5F8B}.Debug|Any CPU.ActiveCfg = Debug|Any CPU
		{4FE4DE9E-29A0-4C86-8CFA-41CDD50E5F8B}.Debug|Any CPU.Build.0 = Debug|Any CPU
		{4FE4DE9E-29A0-4C86-8CFA-41CDD50E5F8B}.Release|Any CPU.ActiveCfg = Release|Any CPU
		{4FE4DE9E-29A0-4C86-8CFA-41CDD50E5F8B}.Release|Any CPU.Build.0 = Release|Any CPU
		{536BD6DF-3219-41ED-87EF-2BB2CF163B21}.Debug|Any CPU.ActiveCfg = Debug|Any CPU
		{536BD6DF-3219-41ED-87EF-2BB2CF163B21}.Debug|Any CPU.Build.0 = Debug|Any CPU
		{536BD6DF-3219-41ED-87EF-2BB2CF163B21}.Release|Any CPU.ActiveCfg = Release|Any CPU
		{536BD6DF-3219-41ED-87EF-2BB2CF163B21}.Release|Any CPU.Build.0 = Release|Any CPU
		{CFCBD3F4-DDAF-4987-8003-2C3FA335F51D}.Debug|Any CPU.ActiveCfg = Debug|Any CPU
		{CFCBD3F4-DDAF-4987-8003-2C3FA335F51D}.Debug|Any CPU.Build.0 = Debug|Any CPU
		{CFCBD3F4-DDAF-4987-8003-2C3FA335F51D}.Release|Any CPU.ActiveCfg = Release|Any CPU
		{CFCBD3F4-DDAF-4987-8003-2C3FA335F51D}.Release|Any CPU.Build.0 = Release|Any CPU
		{CE25BC09-09D5-40D1-9882-83E0DE7634AA}.Debug|Any CPU.ActiveCfg = Debug|Any CPU
		{CE25BC09-09D5-40D1-9882-83E0DE7634AA}.Debug|Any CPU.Build.0 = Debug|Any CPU
		{CE25BC09-09D5-40D1-9882-83E0DE7634AA}.Release|Any CPU.ActiveCfg = Release|Any CPU
		{CE25BC09-09D5-40D1-9882-83E0DE7634AA}.Release|Any CPU.Build.0 = Release|Any CPU
		{C080D595-1C6C-485C-B28E-4B47C49C5660}.Debug|Any CPU.ActiveCfg = Debug|Any CPU
		{C080D595-1C6C-485C-B28E-4B47C49C5660}.Debug|Any CPU.Build.0 = Debug|Any CPU
		{C080D595-1C6C-485C-B28E-4B47C49C5660}.Release|Any CPU.ActiveCfg = Release|Any CPU
		{C080D595-1C6C-485C-B28E-4B47C49C5660}.Release|Any CPU.Build.0 = Release|Any CPU
	EndGlobalSection
	GlobalSection(SolutionProperties) = preSolution
		HideSolutionNode = FALSE
	EndGlobalSection
	GlobalSection(ExtensibilityGlobals) = postSolution
		SolutionGuid = {0519B2E6-0875-4870-A9E4-ADC27A59C7A0}
	EndGlobalSection
EndGlobal
